
Microsoft Visual Studio Solution File, Format Version 12.00
# Visual Studio Version 17
VisualStudioVersion = 17.8.34330.188
MinimumVisualStudioVersion = 10.0.40219.1
Project("{FAE04EC0-301F-11D3-BF4B-00C04F79EFBC}") = "simpleapp.Server", "simpleapp.Server\simpleapp.Server.csproj", "{8C4E9C70-DE9E-463C-8CBE-5A0F5E573441}"
EndProject
Project("{54A90642-561A-4BB1-A94E-469ADEE60C69}") = "simpleapp.client", "simpleapp.client\simpleapp.client.esproj", "{EFB988BA-2C92-428B-BF19-AE0F3BFEE850}"
EndProject
Global
	GlobalSection(SolutionConfigurationPlatforms) = preSolution
		Debug|Any CPU = Debug|Any CPU
		Release|Any CPU = Release|Any CPU
	EndGlobalSection
	GlobalSection(ProjectConfigurationPlatforms) = postSolution
		{8C4E9C70-DE9E-463C-8CBE-5A0F5E573441}.Debug|Any CPU.ActiveCfg = Debug|Any CPU
		{8C4E9C70-DE9E-463C-8CBE-5A0F5E573441}.Debug|Any CPU.Build.0 = Debug|Any CPU
		{8C4E9C70-DE9E-463C-8CBE-5A0F5E573441}.Release|Any CPU.ActiveCfg = Release|Any CPU
		{8C4E9C70-DE9E-463C-8CBE-5A0F5E573441}.Release|Any CPU.Build.0 = Release|Any CPU
		{EFB988BA-2C92-428B-BF19-AE0F3BFEE850}.Debug|Any CPU.ActiveCfg = Debug|Any CPU
		{EFB988BA-2C92-428B-BF19-AE0F3BFEE850}.Debug|Any CPU.Build.0 = Debug|Any CPU
		{EFB988BA-2C92-428B-BF19-AE0F3BFEE850}.Debug|Any CPU.Deploy.0 = Debug|Any CPU
		{EFB988BA-2C92-428B-BF19-AE0F3BFEE850}.Release|Any CPU.ActiveCfg = Release|Any CPU
		{EFB988BA-2C92-428B-BF19-AE0F3BFEE850}.Release|Any CPU.Build.0 = Release|Any CPU
		{EFB988BA-2C92-428B-BF19-AE0F3BFEE850}.Release|Any CPU.Deploy.0 = Release|Any CPU
	EndGlobalSection
	GlobalSection(SolutionProperties) = preSolution
		HideSolutionNode = FALSE
	EndGlobalSection
	GlobalSection(ExtensibilityGlobals) = postSolution
		SolutionGuid = {F8766DC0-42F8-4F41-A8AF-0AF2952BBC52}
	EndGlobalSection
EndGlobal
